# Add-on packages validated on 2026-09-13, Python 3.12.3.
# Reuse template torch==2.8.0+cu128 and numpy==2.1.2 via system-site-packages.
# Install into /opt/fluxbin-venv on container disk; inspect a new template first.
transformers==5.14.1
datasets==5.0.0
safetensors==0.8.0
dill==0.4.1
huggingface_hub==1.31.0
multiprocess==0.70.19
pyarrow==25.0.1
regex==2026.9.10
tokenizers==0.22.2
tqdm==4.70.1
pandas==3.0.5
typer==0.27.2
xxhash==4.0.1
aiohttp==3.14.3
annotated-doc==0.0.5
click==8.5.0
hf-xet==1.6.0
rich==15.0.0
shellingham==1.5.4
aiohappyeyeballs==2.7.1
aiosignal==1.4.0
frozenlist==1.8.0
markdown-it-py==4.2.0
multidict==6.8.0
propcache==0.5.2
yarl==1.24.5
mdurl==0.1.2
